
Microsoft Visual Studio Solution File, Format Version 12.00
# Visual Studio 15
VisualStudioVersion = 15.0.27130.2024
MinimumVisualStudioVersion = 15.0.26124.0
Project("{9A19103F-16F7-4668-BE54-9A1E7A4F7556}") = "Tariffs.Calc", "Tariffs.Calc\Tariffs.Calc.csproj", "{F3A8D9BB-92B5-416A-B55E-42C0C6A7561C}"
EndProject
Project("{9A19103F-16F7-4668-BE54-9A1E7A4F7556}") = "Tariffs.Data", "Tariffs.Data\Tariffs.Data.csproj", "{B7720652-856E-417D-ABA8-457E452C9A26}"
EndProject
Project("{9A19103F-16F7-4668-BE54-9A1E7A4F7556}") = "Tariffs.Console", "Tariffs.Console\Tariffs.Console.csproj", "{030433B8-DEEA-40ED-88A6-B776AB81C7DD}"
EndProject
Project("{9A19103F-16F7-4668-BE54-9A1E7A4F7556}") = "Tariffs.Common", "Tariffs.Common\Tariffs.Common.csproj", "{29180158-C32E-4DCA-93DB-9F533F03AA2A}"
EndProject
Project("{9A19103F-16F7-4668-BE54-9A1E7A4F7556}") = "Tariffs.CommandLine", "Tariffs.CommandLine\Tariffs.CommandLine.csproj", "{D298EB2A-C964-495A-9388-9B6344DEA9A8}"
EndProject
Project("{2150E333-8FDC-42A3-9474-1A3956D46DE8}") = "src", "src", "{068309FC-C842-4B69-8EB9-A7A5E9D097E6}"
EndProject
Project("{2150E333-8FDC-42A3-9474-1A3956D46DE8}") = "tests", "tests", "{02D5F8AF-BA60-4177-A139-12115B3477B3}"
EndProject
Project("{FAE04EC0-301F-11D3-BF4B-00C04F79EFBC}") = "Tariffs.Calc.Tests", "..\tests\Tariffs.Calc.Tests\Tariffs.Calc.Tests.csproj", "{2E26F7BD-7ED4-4C89-8456-D234BD1278D2}"
EndProject
Project("{9A19103F-16F7-4668-BE54-9A1E7A4F7556}") = "Tariffs.Data.SimpleFile", "Tariffs.Data.SimpleFile\Tariffs.Data.SimpleFile.csproj", "{38A1FF8C-5663-438E-8320-C1BCE202C32D}"
EndProject
Project("{9A19103F-16F7-4668-BE54-9A1E7A4F7556}") = "Tariffs.Data.SimpleFile.Tests", "..\tests\Tariffs.Data.SimpleFile.Tests\Tariffs.Data.SimpleFile.Tests.csproj", "{A05C68FD-FC26-4947-AB62-BF8A81B600D3}"
EndProject
Global
	GlobalSection(SolutionConfigurationPlatforms) = preSolution
		Debug|Any CPU = Debug|Any CPU
		Debug|x64 = Debug|x64
		Debug|x86 = Debug|x86
		Release|Any CPU = Release|Any CPU
		Release|x64 = Release|x64
		Release|x86 = Release|x86
	EndGlobalSection
	GlobalSection(ProjectConfigurationPlatforms) = postSolution
		{F3A8D9BB-92B5-416A-B55E-42C0C6A7561C}.Debug|Any CPU.ActiveCfg = Debug|Any CPU
		{F3A8D9BB-92B5-416A-B55E-42C0C6A7561C}.Debug|Any CPU.Build.0 = Debug|Any CPU
		{F3A8D9BB-92B5-416A-B55E-42C0C6A7561C}.Debug|x64.ActiveCfg = Debug|Any CPU
		{F3A8D9BB-92B5-416A-B55E-42C0C6A7561C}.Debug|x64.Build.0 = Debug|Any CPU
		{F3A8D9BB-92B5-416A-B55E-42C0C6A7561C}.Debug|x86.ActiveCfg = Debug|Any CPU
		{F3A8D9BB-92B5-416A-B55E-42C0C6A7561C}.Debug|x86.Build.0 = Debug|Any CPU
		{F3A8D9BB-92B5-416A-B55E-42C0C6A7561C}.Release|Any CPU.ActiveCfg = Release|Any CPU
		{F3A8D9BB-92B5-416A-B55E-42C0C6A7561C}.Release|Any CPU.Build.0 = Release|Any CPU
		{F3A8D9BB-92B5-416A-B55E-42C0C6A7561C}.Release|x64.ActiveCfg = Release|Any CPU
		{F3A8D9BB-92B5-416A-B55E-42C0C6A7561C}.Release|x64.Build.0 = Release|Any CPU
		{F3A8D9BB-92B5-416A-B55E-42C0C6A7561C}.Release|x86.ActiveCfg = Release|Any CPU
		{F3A8D9BB-92B5-416A-B55E-42C0C6A7561C}.Release|x86.Build.0 = Release|Any CPU
		{B7720652-856E-417D-ABA8-457E452C9A26}.Debug|Any CPU.ActiveCfg = Debug|Any CPU
		{B7720652-856E-417D-ABA8-457E452C9A26}.Debug|Any CPU.Build.0 = Debug|Any CPU
		{B7720652-856E-417D-ABA8-457E452C9A26}.Debug|x64.ActiveCfg = Debug|Any CPU
		{B7720652-856E-417D-ABA8-457E452C9A26}.Debug|x64.Build.0 = Debug|Any CPU
		{B7720652-856E-417D-ABA8-457E452C9A26}.Debug|x86.ActiveCfg = Debug|Any CPU
		{B7720652-856E-417D-ABA8-457E452C9A26}.Debug|x86.Build.0 = Debug|Any CPU
		{B7720652-856E-417D-ABA8-457E452C9A26}.Release|Any CPU.ActiveCfg = Release|Any CPU
		{B7720652-856E-417D-ABA8-457E452C9A26}.Release|Any CPU.Build.0 = Release|Any CPU
		{B7720652-856E-417D-ABA8-457E452C9A26}.Release|x64.ActiveCfg = Release|Any CPU
		{B7720652-856E-417D-ABA8-457E452C9A26}.Release|x64.Build.0 = Release|Any CPU
		{B7720652-856E-417D-ABA8-457E452C9A26}.Release|x86.ActiveCfg = Release|Any CPU
		{B7720652-856E-417D-ABA8-457E452C9A26}.Release|x86.Build.0 = Release|Any CPU
		{030433B8-DEEA-40ED-88A6-B776AB81C7DD}.Debug|Any CPU.ActiveCfg = Debug|Any CPU
		{030433B8-DEEA-40ED-88A6-B776AB81C7DD}.Debug|Any CPU.Build.0 = Debug|Any CPU
		{030433B8-DEEA-40ED-88A6-B776AB81C7DD}.Debug|x64.ActiveCfg = Debug|Any CPU
		{030433B8-DEEA-40ED-88A6-B776AB81C7DD}.Debug|x64.Build.0 = Debug|Any CPU
		{030433B8-DEEA-40ED-88A6-B776AB81C7DD}.Debug|x86.ActiveCfg = Debug|Any CPU
		{030433B8-DEEA-40ED-88A6-B776AB81C7DD}.Debug|x86.Build.0 = Debug|Any CPU
		{030433B8-DEEA-40ED-88A6-B776AB81C7DD}.Release|Any CPU.ActiveCfg = Release|Any CPU
		{030433B8-DEEA-40ED-88A6-B776AB81C7DD}.Release|Any CPU.Build.0 = Release|Any CPU
		{030433B8-DEEA-40ED-88A6-B776AB81C7DD}.Release|x64.ActiveCfg = Release|Any CPU
		{030433B8-DEEA-40ED-88A6-B776AB81C7DD}.Release|x64.Build.0 = Release|Any CPU
		{030433B8-DEEA-40ED-88A6-B776AB81C7DD}.Release|x86.ActiveCfg = Release|Any CPU
		{030433B8-DEEA-40ED-88A6-B776AB81C7DD}.Release|x86.Build.0 = Release|Any CPU
		{29180158-C32E-4DCA-93DB-9F533F03AA2A}.Debug|Any CPU.ActiveCfg = Debug|Any CPU
		{29180158-C32E-4DCA-93DB-9F533F03AA2A}.Debug|Any CPU.Build.0 = Debug|Any CPU
		{29180158-C32E-4DCA-93DB-9F533F03AA2A}.Debug|x64.ActiveCfg = Debug|Any CPU
		{29180158-C32E-4DCA-93DB-9F533F03AA2A}.Debug|x64.Build.0 = Debug|Any CPU
		{29180158-C32E-4DCA-93DB-9F533F03AA2A}.Debug|x86.ActiveCfg = Debug|Any CPU
		{29180158-C32E-4DCA-93DB-9F533F03AA2A}.Debug|x86.Build.0 = Debug|Any CPU
		{29180158-C32E-4DCA-93DB-9F533F03AA2A}.Release|Any CPU.ActiveCfg = Release|Any CPU
		{29180158-C32E-4DCA-93DB-9F533F03AA2A}.Release|Any CPU.Build.0 = Release|Any CPU
		{29180158-C32E-4DCA-93DB-9F533F03AA2A}.Release|x64.ActiveCfg = Release|Any CPU
		{29180158-C32E-4DCA-93DB-9F533F03AA2A}.Release|x64.Build.0 = Release|Any CPU
		{29180158-C32E-4DCA-93DB-9F533F03AA2A}.Release|x86.ActiveCfg = Release|Any CPU
		{29180158-C32E-4DCA-93DB-9F533F03AA2A}.Release|x86.Build.0 = Release|Any CPU
		{D298EB2A-C964-495A-9388-9B6344DEA9A8}.Debug|Any CPU.ActiveCfg = Debug|Any CPU
		{D298EB2A-C964-495A-9388-9B6344DEA9A8}.Debug|Any CPU.Build.0 = Debug|Any CPU
		{D298EB2A-C964-495A-9388-9B6344DEA9A8}.Debug|x64.ActiveCfg = Debug|Any CPU
		{D298EB2A-C964-495A-9388-9B6344DEA9A8}.Debug|x64.Build.0 = Debug|Any CPU
		{D298EB2A-C964-495A-9388-9B6344DEA9A8}.Debug|x86.ActiveCfg = Debug|Any CPU
		{D298EB2A-C964-495A-9388-9B6344DEA9A8}.Debug|x86.Build.0 = Debug|Any CPU
		{D298EB2A-C964-495A-9388-9B6344DEA9A8}.Release|Any CPU.ActiveCfg = Release|Any CPU
		{D298EB2A-C964-495A-9388-9B6344DEA9A8}.Release|Any CPU.Build.0 = Release|Any CPU
		{D298EB2A-C964-495A-9388-9B6344DEA9A8}.Release|x64.ActiveCfg = Release|Any CPU
		{D298EB2A-C964-495A-9388-9B6344DEA9A8}.Release|x64.Build.0 = Release|Any CPU
		{D298EB2A-C964-495A-9388-9B6344DEA9A8}.Release|x86.ActiveCfg = Release|Any CPU
		{D298EB2A-C964-495A-9388-9B6344DEA9A8}.Release|x86.Build.0 = Release|Any CPU
		{2E26F7BD-7ED4-4C89-8456-D234BD1278D2}.Debug|Any CPU.ActiveCfg = Debug|Any CPU
		{2E26F7BD-7ED4-4C89-8456-D234BD1278D2}.Debug|Any CPU.Build.0 = Debug|Any CPU
		{2E26F7BD-7ED4-4C89-8456-D234BD1278D2}.Debug|x64.ActiveCfg = Debug|Any CPU
		{2E26F7BD-7ED4-4C89-8456-D234BD1278D2}.Debug|x64.Build.0 = Debug|Any CPU
		{2E26F7BD-7ED4-4C89-8456-D234BD1278D2}.Debug|x86.ActiveCfg = Debug|Any CPU
		{2E26F7BD-7ED4-4C89-8456-D234BD1278D2}.Debug|x86.Build.0 = Debug|Any CPU
		{2E26F7BD-7ED4-4C89-8456-D234BD1278D2}.Release|Any CPU.ActiveCfg = Release|Any CPU
		{2E26F7BD-7ED4-4C89-8456-D234BD1278D2}.Release|Any CPU.Build.0 = Release|Any CPU
		{2E26F7BD-7ED4-4C89-8456-D234BD1278D2}.Release|x64.ActiveCfg = Release|Any CPU
		{2E26F7BD-7ED4-4C89-8456-D234BD1278D2}.Release|x64.Build.0 = Release|Any CPU
		{2E26F7BD-7ED4-4C89-8456-D234BD1278D2}.Release|x86.ActiveCfg = Release|Any CPU
		{2E26F7BD-7ED4-4C89-8456-D234BD1278D2}.Release|x86.Build.0 = Release|Any CPU
		{38A1FF8C-5663-438E-8320-C1BCE202C32D}.Debug|Any CPU.ActiveCfg = Debug|Any CPU
		{38A1FF8C-5663-438E-8320-C1BCE202C32D}.Debug|Any CPU.Build.0 = Debug|Any CPU
		{38A1FF8C-5663-438E-8320-C1BCE202C32D}.Debug|x64.ActiveCfg = Debug|Any CPU
		{38A1FF8C-5663-438E-8320-C1BCE202C32D}.Debug|x64.Build.0 = Debug|Any CPU
		{38A1FF8C-5663-438E-8320-C1BCE202C32D}.Debug|x86.ActiveCfg = Debug|Any CPU
		{38A1FF8C-5663-438E-8320-C1BCE202C32D}.Debug|x86.Build.0 = Debug|Any CPU
		{38A1FF8C-5663-438E-8320-C1BCE202C32D}.Release|Any CPU.ActiveCfg = Release|Any CPU
		{38A1FF8C-5663-438E-8320-C1BCE202C32D}.Release|Any CPU.Build.0 = Release|Any CPU
		{38A1FF8C-5663-438E-8320-C1BCE202C32D}.Release|x64.ActiveCfg = Release|Any CPU
		{38A1FF8C-5663-438E-8320-C1BCE202C32D}.Release|x64.Build.0 = Release|Any CPU
		{38A1FF8C-5663-438E-8320-C1BCE202C32D}.Release|x86.ActiveCfg = Release|Any CPU
		{38A1FF8C-5663-438E-8320-C1BCE202C32D}.Release|x86.Build.0 = Release|Any CPU
		{A05C68FD-FC26-4947-AB62-BF8A81B600D3}.Debug|Any CPU.ActiveCfg = Debug|Any CPU
		{A05C68FD-FC26-4947-AB62-BF8A81B600D3}.Debug|Any CPU.Build.0 = Debug|Any CPU
		{A05C68FD-FC26-4947-AB62-BF8A81B600D3}.Debug|x64.ActiveCfg = Debug|Any CPU
		{A05C68FD-FC26-4947-AB62-BF8A81B600D3}.Debug|x64.Build.0 = Debug|Any CPU
		{A05C68FD-FC26-4947-AB62-BF8A81B600D3}.Debug|x86.ActiveCfg = Debug|Any CPU
		{A05C68FD-FC26-4947-AB62-BF8A81B600D3}.Debug|x86.Build.0 = Debug|Any CPU
		{A05C68FD-FC26-4947-AB62-BF8A81B600D3}.Release|Any CPU.ActiveCfg = Release|Any CPU
		{A05C68FD-FC26-4947-AB62-BF8A81B600D3}.Release|Any CPU.Build.0 = Release|Any CPU
		{A05C68FD-FC26-4947-AB62-BF8A81B600D3}.Release|x64.ActiveCfg = Release|Any CPU
		{A05C68FD-FC26-4947-AB62-BF8A81B600D3}.Release|x64.Build.0 = Release|Any CPU
		{A05C68FD-FC26-4947-AB62-BF8A81B600D3}.Release|x86.ActiveCfg = Release|Any CPU
		{A05C68FD-FC26-4947-AB62-BF8A81B600D3}.Release|x86.Build.0 = Release|Any CPU
	EndGlobalSection
	GlobalSection(SolutionProperties) = preSolution
		HideSolutionNode = FALSE
	EndGlobalSection
	GlobalSection(NestedProjects) = preSolution
		{F3A8D9BB-92B5-416A-B55E-42C0C6A7561C} = {068309FC-C842-4B69-8EB9-A7A5E9D097E6}
		{B7720652-856E-417D-ABA8-457E452C9A26} = {068309FC-C842-4B69-8EB9-A7A5E9D097E6}
		{030433B8-DEEA-40ED-88A6-B776AB81C7DD} = {068309FC-C842-4B69-8EB9-A7A5E9D097E6}
		{29180158-C32E-4DCA-93DB-9F533F03AA2A} = {068309FC-C842-4B69-8EB9-A7A5E9D097E6}
		{D298EB2A-C964-495A-9388-9B6344DEA9A8} = {068309FC-C842-4B69-8EB9-A7A5E9D097E6}
		{2E26F7BD-7ED4-4C89-8456-D234BD1278D2} = {02D5F8AF-BA60-4177-A139-12115B3477B3}
		{38A1FF8C-5663-438E-8320-C1BCE202C32D} = {068309FC-C842-4B69-8EB9-A7A5E9D097E6}
		{A05C68FD-FC26-4947-AB62-BF8A81B600D3} = {02D5F8AF-BA60-4177-A139-12115B3477B3}
	EndGlobalSection
	GlobalSection(ExtensibilityGlobals) = postSolution
		SolutionGuid = {F8974982-C0A3-4E34-9B15-311C9203386F}
	EndGlobalSection
EndGlobal
